
Microsoft Visual Studio Solution File, Format Version 12.00
# Visual Studio Version 17
VisualStudioVersion = 17.1.32421.90
MinimumVisualStudioVersion = 10.0.40219.1
Project("{FAE04EC0-301F-11D3-BF4B-00C04F79EFBC}") = "AuctionHelper", "AuctionHelper\AuctionHelper.csproj", "{DA2CF87B-5A36-4FD1-B314-D2F739C776B0}"
EndProject
Global
	GlobalSection(SolutionConfigurationPlatforms) = preSolution
		Debug|Any CPU = Debug|Any CPU
		Release|Any CPU = Release|Any CPU
	EndGlobalSection
	GlobalSection(ProjectConfigurationPlatforms) = postSolution
		{DA2CF87B-5A36-4FD1-B314-D2F739C776B0}.Debug|Any CPU.ActiveCfg = Debug|Any CPU
		{DA2CF87B-5A36-4FD1-B314-D2F739C776B0}.Debug|Any CPU.Build.0 = Debug|Any CPU
		{DA2CF87B-5A36-4FD1-B314-D2F739C776B0}.Release|Any CPU.ActiveCfg = Release|Any CPU
		{DA2CF87B-5A36-4FD1-B314-D2F739C776B0}.Release|Any CPU.Build.0 = Release|Any CPU
	EndGlobalSection
	GlobalSection(SolutionProperties) = preSolution
		HideSolutionNode = FALSE
	EndGlobalSection
	GlobalSection(ExtensibilityGlobals) = postSolution
		SolutionGuid = {92E5B2A7-9596-49FD-B8BA-AC24E9090E04}
	EndGlobalSection
EndGlobal
